
Microsoft Visual Studio Solution File, Format Version 12.00
# Visual Studio Version 16
VisualStudioVersion = 16.0.30717.126
MinimumVisualStudioVersion = 10.0.40219.1
Project("{8BC9CEB8-8B4A-11D0-8D11-00A0C91BC942}") = "homework-4-2", "homework-4-2.vcxproj", "{87E194CC-66FE-4372-840A-EF3B353A1C04}"
EndProject
Global
	GlobalSection(SolutionConfigurationPlatforms) = preSolution
		Debug|x64 = Debug|x64
		Debug|x86 = Debug|x86
		Release|x64 = Release|x64
		Release|x86 = Release|x86
	EndGlobalSection
	GlobalSection(ProjectConfigurationPlatforms) = postSolution
		{87E194CC-66FE-4372-840A-EF3B353A1C04}.Debug|x64.ActiveCfg = Debug|x64
		{87E194CC-66FE-4372-840A-EF3B353A1C04}.Debug|x64.Build.0 = Debug|x64
		{87E194CC-66FE-4372-840A-EF3B353A1C04}.Debug|x86.ActiveCfg = Debug|Win32
		{87E194CC-66FE-4372-840A-EF3B353A1C04}.Debug|x86.Build.0 = Debug|Win32
		{87E194CC-66FE-4372-840A-EF3B353A1C04}.Release|x64.ActiveCfg = Release|x64
		{87E194CC-66FE-4372-840A-EF3B353A1C04}.Release|x64.Build.0 = Release|x64
		{87E194CC-66FE-4372-840A-EF3B353A1C04}.Release|x86.ActiveCfg = Release|Win32
		{87E194CC-66FE-4372-840A-EF3B353A1C04}.Release|x86.Build.0 = Release|Win32
	EndGlobalSection
	GlobalSection(SolutionProperties) = preSolution
		HideSolutionNode = FALSE
	EndGlobalSection
	GlobalSection(ExtensibilityGlobals) = postSolution
		SolutionGuid = {2DDBDBE0-CABD-4E60-ADDC-74E3354BA936}
	EndGlobalSection
EndGlobal
